# THIS IS AN AUTOGENERATED FILE. DO NOT EDIT THIS FILE DIRECTLY.
# yarn lockfile v1


"@types/lodash@^4.14.167":
  version "4.14.167"
  resolved "https://registry.yarnpkg.com/@types/lodash/-/lodash-4.14.167.tgz#ce7d78553e3c886d4ea643c37ec7edc20f16765e"
  integrity sha512-w7tQPjARrvdeBkX/Rwg95S592JwxqOjmms3zWQ0XZgSyxSLdzWaYH3vErBhdVS/lRBX7F8aBYcYJYTr5TMGOzw==

"@types/node@^14.14.20":
  version "14.14.20"
  resolved "https://registry.yarnpkg.com/@types/node/-/node-14.14.20.tgz#f7974863edd21d1f8a494a73e8e2b3658615c340"
  integrity sha512-Y93R97Ouif9JEOWPIUyU+eyIdyRqQR0I8Ez1dzku4hDx34NWh4HbtIc3WNzwB1Y9ULvNGeu5B8h8bVL5cAk4/A==

lodash@^4.17.20:
  version "4.17.20"
  resolved "https://registry.yarnpkg.com/lodash/-/lodash-4.17.20.tgz#b44a9b6297bcb698f1c51a3545a2b3b368d59c52"
  integrity sha512-PlhdFcillOINfeV7Ni6oF1TAEayyZBoZ8bcshTHqOYJYlrqzRK5hagpagky5o4HfCzzd1TRkXPMFq6cKk9rGmA==
