
Microsoft Visual Studio Solution File, Format Version 12.00
# Visual Studio Version 16
VisualStudioVersion = 16.0.808.7
MinimumVisualStudioVersion = 10.0.40219.1
Project("{FAE04EC0-301F-11D3-BF4B-00C04F79EFBC}") = "Calculator", "Calculator\Calculator.csproj", "{B200D3C4-AE79-46A8-8C03-9308F25558C0}"
EndProject
Project("{FAE04EC0-301F-11D3-BF4B-00C04F79EFBC}") = "CalculatorLibrary", "CalculatorLibrary\CalculatorLibrary.csproj", "{A4AC96FD-3AA7-4912-A13E-E3A35EC67554}"
EndProject
Project("{FAE04EC0-301F-11D3-BF4B-00C04F79EFBC}") = "BindingExtensionMethodsAtCompileTime", "BindingExtensionMethodsAtCompileTime\BindingExtensionMethodsAtCompileTime.csproj", "{AE98379A-BA05-4888-B1BA-96B65EBC2D1A}"
EndProject
Project("{FAE04EC0-301F-11D3-BF4B-00C04F79EFBC}") = "HelloWorld", "HelloWorld\HelloWorld.csproj", "{8DBBB08F-068D-4712-8425-330344A59C5E}"
EndProject
Project("{FAE04EC0-301F-11D3-BF4B-00C04F79EFBC}") = "HelloWorld.Test", "HelloWorld.Test\HelloWorld.Test.csproj", "{7A9775B7-7DC9-468C-A62C-DF58F9B20A70}"
EndProject
Project("{FAE04EC0-301F-11D3-BF4B-00C04F79EFBC}") = "FundamentalDataTypes", "FundamentalDataTypes\FundamentalDataTypes.csproj", "{024FB8E0-9FB2-485C-8FEC-6B237789F317}"
EndProject
Project("{FAE04EC0-301F-11D3-BF4B-00C04F79EFBC}") = "ClassLibExtMethod", "ClassLibExtMethod\ClassLibExtMethod.csproj", "{A616680E-1972-4AFA-A0A0-C06C5E6F04DC}"
EndProject
Project("{FAE04EC0-301F-11D3-BF4B-00C04F79EFBC}") = "Types", "Types\Types.csproj", "{05C935A1-B883-4D37-A71D-53936723191D}"
EndProject
Global
	GlobalSection(SolutionConfigurationPlatforms) = preSolution
		Debug|Any CPU = Debug|Any CPU
		Release|Any CPU = Release|Any CPU
	EndGlobalSection
	GlobalSection(ProjectConfigurationPlatforms) = postSolution
		{B200D3C4-AE79-46A8-8C03-9308F25558C0}.Debug|Any CPU.ActiveCfg = Debug|Any CPU
		{B200D3C4-AE79-46A8-8C03-9308F25558C0}.Debug|Any CPU.Build.0 = Debug|Any CPU
		{B200D3C4-AE79-46A8-8C03-9308F25558C0}.Release|Any CPU.ActiveCfg = Release|Any CPU
		{B200D3C4-AE79-46A8-8C03-9308F25558C0}.Release|Any CPU.Build.0 = Release|Any CPU
		{A4AC96FD-3AA7-4912-A13E-E3A35EC67554}.Debug|Any CPU.ActiveCfg = Debug|Any CPU
		{A4AC96FD-3AA7-4912-A13E-E3A35EC67554}.Debug|Any CPU.Build.0 = Debug|Any CPU
		{A4AC96FD-3AA7-4912-A13E-E3A35EC67554}.Release|Any CPU.ActiveCfg = Release|Any CPU
		{A4AC96FD-3AA7-4912-A13E-E3A35EC67554}.Release|Any CPU.Build.0 = Release|Any CPU
		{AE98379A-BA05-4888-B1BA-96B65EBC2D1A}.Debug|Any CPU.ActiveCfg = Debug|Any CPU
		{AE98379A-BA05-4888-B1BA-96B65EBC2D1A}.Debug|Any CPU.Build.0 = Debug|Any CPU
		{AE98379A-BA05-4888-B1BA-96B65EBC2D1A}.Release|Any CPU.ActiveCfg = Release|Any CPU
		{AE98379A-BA05-4888-B1BA-96B65EBC2D1A}.Release|Any CPU.Build.0 = Release|Any CPU
		{8DBBB08F-068D-4712-8425-330344A59C5E}.Debug|Any CPU.ActiveCfg = Debug|Any CPU
		{8DBBB08F-068D-4712-8425-330344A59C5E}.Debug|Any CPU.Build.0 = Debug|Any CPU
		{8DBBB08F-068D-4712-8425-330344A59C5E}.Release|Any CPU.ActiveCfg = Release|Any CPU
		{8DBBB08F-068D-4712-8425-330344A59C5E}.Release|Any CPU.Build.0 = Release|Any CPU
		{7A9775B7-7DC9-468C-A62C-DF58F9B20A70}.Debug|Any CPU.ActiveCfg = Debug|Any CPU
		{7A9775B7-7DC9-468C-A62C-DF58F9B20A70}.Debug|Any CPU.Build.0 = Debug|Any CPU
		{7A9775B7-7DC9-468C-A62C-DF58F9B20A70}.Release|Any CPU.ActiveCfg = Release|Any CPU
		{7A9775B7-7DC9-468C-A62C-DF58F9B20A70}.Release|Any CPU.Build.0 = Release|Any CPU
		{024FB8E0-9FB2-485C-8FEC-6B237789F317}.Debug|Any CPU.ActiveCfg = Debug|Any CPU
		{024FB8E0-9FB2-485C-8FEC-6B237789F317}.Debug|Any CPU.Build.0 = Debug|Any CPU
		{024FB8E0-9FB2-485C-8FEC-6B237789F317}.Release|Any CPU.ActiveCfg = Release|Any CPU
		{024FB8E0-9FB2-485C-8FEC-6B237789F317}.Release|Any CPU.Build.0 = Release|Any CPU
		{A616680E-1972-4AFA-A0A0-C06C5E6F04DC}.Debug|Any CPU.ActiveCfg = Debug|Any CPU
		{A616680E-1972-4AFA-A0A0-C06C5E6F04DC}.Debug|Any CPU.Build.0 = Debug|Any CPU
		{A616680E-1972-4AFA-A0A0-C06C5E6F04DC}.Release|Any CPU.ActiveCfg = Release|Any CPU
		{A616680E-1972-4AFA-A0A0-C06C5E6F04DC}.Release|Any CPU.Build.0 = Release|Any CPU
		{05C935A1-B883-4D37-A71D-53936723191D}.Debug|Any CPU.ActiveCfg = Debug|Any CPU
		{05C935A1-B883-4D37-A71D-53936723191D}.Debug|Any CPU.Build.0 = Debug|Any CPU
		{05C935A1-B883-4D37-A71D-53936723191D}.Release|Any CPU.ActiveCfg = Release|Any CPU
		{05C935A1-B883-4D37-A71D-53936723191D}.Release|Any CPU.Build.0 = Release|Any CPU
	EndGlobalSection
	GlobalSection(SolutionProperties) = preSolution
		HideSolutionNode = FALSE
	EndGlobalSection
	GlobalSection(ExtensibilityGlobals) = postSolution
		SolutionGuid = {94FE3403-8E2B-4206-9E48-BB3B54D2B356}
	EndGlobalSection
EndGlobal
