
Microsoft Visual Studio Solution File, Format Version 12.00
# Visual Studio Version 16
VisualStudioVersion = 16.0.809.2
MinimumVisualStudioVersion = 10.0.40219.1
Project("{FAE04EC0-301F-11D3-BF4B-00C04F79EFBC}") = "QandA", "QandA.csproj", "{735C5374-0949-4FE8-B1A0-B322271F015C}"
EndProject
Global
	GlobalSection(SolutionConfigurationPlatforms) = preSolution
		Debug|Any CPU = Debug|Any CPU
		Release|Any CPU = Release|Any CPU
	EndGlobalSection
	GlobalSection(ProjectConfigurationPlatforms) = postSolution
		{735C5374-0949-4FE8-B1A0-B322271F015C}.Debug|Any CPU.ActiveCfg = Debug|Any CPU
		{735C5374-0949-4FE8-B1A0-B322271F015C}.Debug|Any CPU.Build.0 = Debug|Any CPU
		{735C5374-0949-4FE8-B1A0-B322271F015C}.Release|Any CPU.ActiveCfg = Release|Any CPU
		{735C5374-0949-4FE8-B1A0-B322271F015C}.Release|Any CPU.Build.0 = Release|Any CPU
	EndGlobalSection
	GlobalSection(SolutionProperties) = preSolution
		HideSolutionNode = FALSE
	EndGlobalSection
	GlobalSection(ExtensibilityGlobals) = postSolution
		SolutionGuid = {B088F0E8-66E5-479B-A6EB-59CCBE4A7EA1}
	EndGlobalSection
EndGlobal
